
Microsoft Visual Studio Solution File, Format Version 12.00
# Visual Studio Version 16
VisualStudioVersion = 16.0.30413.136
MinimumVisualStudioVersion = 10.0.40219.1
Project("{9A19103F-16F7-4668-BE54-9A1E7A4F7556}") = "1", "1\1.csproj", "{71656EEE-FE32-446A-B4EB-A33A0FAEEEDB}"
EndProject
Project("{9A19103F-16F7-4668-BE54-9A1E7A4F7556}") = "2", "2\2.csproj", "{DE468D79-F528-40BC-B973-81E6F1FDD9DA}"
EndProject
Project("{2150E333-8FDC-42A3-9474-1A3956D46DE8}") = "Solution Items", "Solution Items", "{3EEF67E8-50EF-4446-938D-2D3D2840E71C}"
	ProjectSection(SolutionItems) = preProject
		.gitignore = .gitignore
	EndProjectSection
EndProject
Project("{9A19103F-16F7-4668-BE54-9A1E7A4F7556}") = "3", "3\3.csproj", "{1C0A2D86-8E8C-43DA-85D7-FE1A6526C91E}"
EndProject
Project("{9A19103F-16F7-4668-BE54-9A1E7A4F7556}") = "4", "4\4.csproj", "{A22C32D3-D4E8-4D5B-8FC9-785F03A25472}"
EndProject
Project("{9A19103F-16F7-4668-BE54-9A1E7A4F7556}") = "5", "5\5.csproj", "{6FC997B7-1FCC-4508-982E-65E29D38F4D4}"
EndProject
Project("{9A19103F-16F7-4668-BE54-9A1E7A4F7556}") = "6", "6\6.csproj", "{5950BE8B-5FF4-466F-98B5-BCDB356464BE}"
EndProject
Project("{9A19103F-16F7-4668-BE54-9A1E7A4F7556}") = "7", "7\7.csproj", "{06B5874C-46D1-4B33-AA94-4ED9C8C06F09}"
EndProject
Project("{9A19103F-16F7-4668-BE54-9A1E7A4F7556}") = "8", "8\8.csproj", "{07E73BCB-6D24-47B8-82CE-62EB96DFE4A1}"
EndProject
Project("{FAE04EC0-301F-11D3-BF4B-00C04F79EFBC}") = "20", "20\20.csproj", "{7CA7617C-495F-4AFB-8137-8248868349BD}"
EndProject
Global
	GlobalSection(SolutionConfigurationPlatforms) = preSolution
		Debug|Any CPU = Debug|Any CPU
		Release|Any CPU = Release|Any CPU
	EndGlobalSection
	GlobalSection(ProjectConfigurationPlatforms) = postSolution
		{71656EEE-FE32-446A-B4EB-A33A0FAEEEDB}.Debug|Any CPU.ActiveCfg = Debug|Any CPU
		{71656EEE-FE32-446A-B4EB-A33A0FAEEEDB}.Debug|Any CPU.Build.0 = Debug|Any CPU
		{71656EEE-FE32-446A-B4EB-A33A0FAEEEDB}.Release|Any CPU.ActiveCfg = Release|Any CPU
		{71656EEE-FE32-446A-B4EB-A33A0FAEEEDB}.Release|Any CPU.Build.0 = Release|Any CPU
		{DE468D79-F528-40BC-B973-81E6F1FDD9DA}.Debug|Any CPU.ActiveCfg = Debug|Any CPU
		{DE468D79-F528-40BC-B973-81E6F1FDD9DA}.Debug|Any CPU.Build.0 = Debug|Any CPU
		{DE468D79-F528-40BC-B973-81E6F1FDD9DA}.Release|Any CPU.ActiveCfg = Release|Any CPU
		{DE468D79-F528-40BC-B973-81E6F1FDD9DA}.Release|Any CPU.Build.0 = Release|Any CPU
		{1C0A2D86-8E8C-43DA-85D7-FE1A6526C91E}.Debug|Any CPU.ActiveCfg = Debug|Any CPU
		{1C0A2D86-8E8C-43DA-85D7-FE1A6526C91E}.Debug|Any CPU.Build.0 = Debug|Any CPU
		{1C0A2D86-8E8C-43DA-85D7-FE1A6526C91E}.Release|Any CPU.ActiveCfg = Release|Any CPU
		{1C0A2D86-8E8C-43DA-85D7-FE1A6526C91E}.Release|Any CPU.Build.0 = Release|Any CPU
		{A22C32D3-D4E8-4D5B-8FC9-785F03A25472}.Debug|Any CPU.ActiveCfg = Debug|Any CPU
		{A22C32D3-D4E8-4D5B-8FC9-785F03A25472}.Debug|Any CPU.Build.0 = Debug|Any CPU
		{A22C32D3-D4E8-4D5B-8FC9-785F03A25472}.Release|Any CPU.ActiveCfg = Release|Any CPU
		{A22C32D3-D4E8-4D5B-8FC9-785F03A25472}.Release|Any CPU.Build.0 = Release|Any CPU
		{6FC997B7-1FCC-4508-982E-65E29D38F4D4}.Debug|Any CPU.ActiveCfg = Debug|Any CPU
		{6FC997B7-1FCC-4508-982E-65E29D38F4D4}.Debug|Any CPU.Build.0 = Debug|Any CPU
		{6FC997B7-1FCC-4508-982E-65E29D38F4D4}.Release|Any CPU.ActiveCfg = Release|Any CPU
		{6FC997B7-1FCC-4508-982E-65E29D38F4D4}.Release|Any CPU.Build.0 = Release|Any CPU
		{5950BE8B-5FF4-466F-98B5-BCDB356464BE}.Debug|Any CPU.ActiveCfg = Debug|Any CPU
		{5950BE8B-5FF4-466F-98B5-BCDB356464BE}.Debug|Any CPU.Build.0 = Debug|Any CPU
		{5950BE8B-5FF4-466F-98B5-BCDB356464BE}.Release|Any CPU.ActiveCfg = Release|Any CPU
		{5950BE8B-5FF4-466F-98B5-BCDB356464BE}.Release|Any CPU.Build.0 = Release|Any CPU
		{06B5874C-46D1-4B33-AA94-4ED9C8C06F09}.Debug|Any CPU.ActiveCfg = Debug|Any CPU
		{06B5874C-46D1-4B33-AA94-4ED9C8C06F09}.Debug|Any CPU.Build.0 = Debug|Any CPU
		{06B5874C-46D1-4B33-AA94-4ED9C8C06F09}.Release|Any CPU.ActiveCfg = Release|Any CPU
		{06B5874C-46D1-4B33-AA94-4ED9C8C06F09}.Release|Any CPU.Build.0 = Release|Any CPU
		{07E73BCB-6D24-47B8-82CE-62EB96DFE4A1}.Debug|Any CPU.ActiveCfg = Debug|Any CPU
		{07E73BCB-6D24-47B8-82CE-62EB96DFE4A1}.Debug|Any CPU.Build.0 = Debug|Any CPU
		{07E73BCB-6D24-47B8-82CE-62EB96DFE4A1}.Release|Any CPU.ActiveCfg = Release|Any CPU
		{07E73BCB-6D24-47B8-82CE-62EB96DFE4A1}.Release|Any CPU.Build.0 = Release|Any CPU
		{7CA7617C-495F-4AFB-8137-8248868349BD}.Debug|Any CPU.ActiveCfg = Debug|Any CPU
		{7CA7617C-495F-4AFB-8137-8248868349BD}.Debug|Any CPU.Build.0 = Debug|Any CPU
		{7CA7617C-495F-4AFB-8137-8248868349BD}.Release|Any CPU.ActiveCfg = Release|Any CPU
		{7CA7617C-495F-4AFB-8137-8248868349BD}.Release|Any CPU.Build.0 = Release|Any CPU
	EndGlobalSection
	GlobalSection(SolutionProperties) = preSolution
		HideSolutionNode = FALSE
	EndGlobalSection
	GlobalSection(ExtensibilityGlobals) = postSolution
		SolutionGuid = {C6D64663-0409-452D-87DE-D45F19A3ED94}
	EndGlobalSection
EndGlobal
