
Microsoft Visual Studio Solution File, Format Version 12.00
# Visual Studio Version 16
VisualStudioVersion = 16.0.30413.136
MinimumVisualStudioVersion = 10.0.40219.1
Project("{9A19103F-16F7-4668-BE54-9A1E7A4F7556}") = "1", "1\1.csproj", "{71656EEE-FE32-446A-B4EB-A33A0FAEEEDB}"
EndProject
Project("{FAE04EC0-301F-11D3-BF4B-00C04F79EFBC}") = "2", "2\2.csproj", "{DE468D79-F528-40BC-B973-81E6F1FDD9DA}"
EndProject
Project("{2150E333-8FDC-42A3-9474-1A3956D46DE8}") = "Solution Items", "Solution Items", "{3EEF67E8-50EF-4446-938D-2D3D2840E71C}"
	ProjectSection(SolutionItems) = preProject
		.gitignore = .gitignore
	EndProjectSection
EndProject
Global
	GlobalSection(SolutionConfigurationPlatforms) = preSolution
		Debug|Any CPU = Debug|Any CPU
		Release|Any CPU = Release|Any CPU
	EndGlobalSection
	GlobalSection(ProjectConfigurationPlatforms) = postSolution
		{71656EEE-FE32-446A-B4EB-A33A0FAEEEDB}.Debug|Any CPU.ActiveCfg = Debug|Any CPU
		{71656EEE-FE32-446A-B4EB-A33A0FAEEEDB}.Debug|Any CPU.Build.0 = Debug|Any CPU
		{71656EEE-FE32-446A-B4EB-A33A0FAEEEDB}.Release|Any CPU.ActiveCfg = Release|Any CPU
		{71656EEE-FE32-446A-B4EB-A33A0FAEEEDB}.Release|Any CPU.Build.0 = Release|Any CPU
		{DE468D79-F528-40BC-B973-81E6F1FDD9DA}.Debug|Any CPU.ActiveCfg = Debug|Any CPU
		{DE468D79-F528-40BC-B973-81E6F1FDD9DA}.Debug|Any CPU.Build.0 = Debug|Any CPU
		{DE468D79-F528-40BC-B973-81E6F1FDD9DA}.Release|Any CPU.ActiveCfg = Release|Any CPU
		{DE468D79-F528-40BC-B973-81E6F1FDD9DA}.Release|Any CPU.Build.0 = Release|Any CPU
	EndGlobalSection
	GlobalSection(SolutionProperties) = preSolution
		HideSolutionNode = FALSE
	EndGlobalSection
	GlobalSection(ExtensibilityGlobals) = postSolution
		SolutionGuid = {C6D64663-0409-452D-87DE-D45F19A3ED94}
	EndGlobalSection
EndGlobal
